
Microsoft Visual Studio Solution File, Format Version 12.00
# Visual Studio Version 17
VisualStudioVersion = 17.10.35013.160
MinimumVisualStudioVersion = 10.0.40219.1
Project("{FAE04EC0-301F-11D3-BF4B-00C04F79EFBC}") = "GetAllBooksAPI", "GetAllBooksAPI.csproj", "{EB169773-9937-4289-ACFA-BBFE7E537337}"
EndProject
Global
	GlobalSection(SolutionConfigurationPlatforms) = preSolution
		Debug|Any CPU = Debug|Any CPU
		Release|Any CPU = Release|Any CPU
	EndGlobalSection
	GlobalSection(ProjectConfigurationPlatforms) = postSolution
		{EB169773-9937-4289-ACFA-BBFE7E537337}.Debug|Any CPU.ActiveCfg = Debug|Any CPU
		{EB169773-9937-4289-ACFA-BBFE7E537337}.Debug|Any CPU.Build.0 = Debug|Any CPU
		{EB169773-9937-4289-ACFA-BBFE7E537337}.Release|Any CPU.ActiveCfg = Release|Any CPU
		{EB169773-9937-4289-ACFA-BBFE7E537337}.Release|Any CPU.Build.0 = Release|Any CPU
	EndGlobalSection
	GlobalSection(SolutionProperties) = preSolution
		HideSolutionNode = FALSE
	EndGlobalSection
	GlobalSection(ExtensibilityGlobals) = postSolution
		SolutionGuid = {5A546FEF-BE81-4D0F-8842-783B9EAA830C}
	EndGlobalSection
EndGlobal
